// !$*UTF8*$!
{
	archiveVersion = 1;
	classes = {
	};
	objectVersion = 50;
	objects = {

/* Begin PBXBuildFile section */
		77457B1B8710B4F04578927A /* Pods_TwitterTrialUITests.framework in Frameworks */ = {isa = PBXBuildFile; fileRef = DA95014832292FAC703C769F /* Pods_TwitterTrialUITests.framework */; };
		AA8CAC722705397396C510A4 /* Pods_TwitterTrial.framework in Frameworks */ = {isa = PBXBuildFile; fileRef = 32DBDE85BCA3625575970126 /* Pods_TwitterTrial.framework */; };
		BAD41A1456AF141FD6CA918B /* Pods_TwitterTrialTests.framework in Frameworks */ = {isa = PBXBuildFile; fileRef = 70BDCEB6CE9C84B9528AE0EF /* Pods_TwitterTrialTests.framework */; };
		C967981921ADB5C400E9FE06 /* AppDelegate.swift in Sources */ = {isa = PBXBuildFile; fileRef = C967981821ADB5C400E9FE06 /* AppDelegate.swift */; };
		C967982021ADB5C500E9FE06 /* Assets.xcassets in Resources */ = {isa = PBXBuildFile; fileRef = C967981F21ADB5C500E9FE06 /* Assets.xcassets */; };
		C967982321ADB5C500E9FE06 /* LaunchScreen.storyboard in Resources */ = {isa = PBXBuildFile; fileRef = C967982121ADB5C500E9FE06 /* LaunchScreen.storyboard */; };
		C967982E21ADB5C500E9FE06 /* TwitterTrialTests.swift in Sources */ = {isa = PBXBuildFile; fileRef = C967982D21ADB5C500E9FE06 /* TwitterTrialTests.swift */; };
		C967983921ADB5C500E9FE06 /* TwitterTrialUITests.swift in Sources */ = {isa = PBXBuildFile; fileRef = C967983821ADB5C500E9FE06 /* TwitterTrialUITests.swift */; };
		C967984721AFA22500E9FE06 /* HomeController.swift in Sources */ = {isa = PBXBuildFile; fileRef = C967984621AFA22500E9FE06 /* HomeController.swift */; };
		C967984921B1478100E9FE06 /* HomeDatasourceController.swift in Sources */ = {isa = PBXBuildFile; fileRef = C967984821B1478100E9FE06 /* HomeDatasourceController.swift */; };
		C967984E21B14EE100E9FE06 /* Cells.swift in Sources */ = {isa = PBXBuildFile; fileRef = C967984D21B14EE100E9FE06 /* Cells.swift */; };
		C967985021B14F2B00E9FE06 /* HomeDataSource.swift in Sources */ = {isa = PBXBuildFile; fileRef = C967984F21B14F2B00E9FE06 /* HomeDataSource.swift */; };
/* End PBXBuildFile section */

/* Begin PBXContainerItemProxy section */
		C967982A21ADB5C500E9FE06 /* PBXContainerItemProxy */ = {
			isa = PBXContainerItemProxy;
			containerPortal = C967980D21ADB5C400E9FE06 /* Project object */;
			proxyType = 1;
			remoteGlobalIDString = C967981421ADB5C400E9FE06;
			remoteInfo = TwitterTrial;
		};
		C967983521ADB5C500E9FE06 /* PBXContainerItemProxy */ = {
			isa = PBXContainerItemProxy;
			containerPortal = C967980D21ADB5C400E9FE06 /* Project object */;
			proxyType = 1;
			remoteGlobalIDString = C967981421ADB5C400E9FE06;
			remoteInfo = TwitterTrial;
		};
/* End PBXContainerItemProxy section */

/* Begin PBXFileReference section */
		158C98C90FAC8612D115FDAA /* Pods-TwitterTrialUITests.debug.xcconfig */ = {isa = PBXFileReference; includeInIndex = 1; lastKnownFileType = text.xcconfig; name = "Pods-TwitterTrialUITests.debug.xcconfig"; path = "Pods/Target Support Files/Pods-TwitterTrialUITests/Pods-TwitterTrialUITests.debug.xcconfig"; sourceTree = "<group>"; };
		32DBDE85BCA3625575970126 /* Pods_TwitterTrial.framework */ = {isa = PBXFileReference; explicitFileType = wrapper.framework; includeInIndex = 0; path = Pods_TwitterTrial.framework; sourceTree = BUILT_PRODUCTS_DIR; };
		5485F79D4B2E97BA2700FCE1 /* Pods-TwitterTrial.release.xcconfig */ = {isa = PBXFileReference; includeInIndex = 1; lastKnownFileType = text.xcconfig; name = "Pods-TwitterTrial.release.xcconfig"; path = "Pods/Target Support Files/Pods-TwitterTrial/Pods-TwitterTrial.release.xcconfig"; sourceTree = "<group>"; };
		70BDCEB6CE9C84B9528AE0EF /* Pods_TwitterTrialTests.framework */ = {isa = PBXFileReference; explicitFileType = wrapper.framework; includeInIndex = 0; path = Pods_TwitterTrialTests.framework; sourceTree = BUILT_PRODUCTS_DIR; };
		B0E8E7A531DD73CD5AEAC28A /* Pods-TwitterTrial.debug.xcconfig */ = {isa = PBXFileReference; includeInIndex = 1; lastKnownFileType = text.xcconfig; name = "Pods-TwitterTrial.debug.xcconfig"; path = "Pods/Target Support Files/Pods-TwitterTrial/Pods-TwitterTrial.debug.xcconfig"; sourceTree = "<group>"; };
		B546F83BEBF547DDAA8D30CD /* Pods-TwitterTrialUITests.release.xcconfig */ = {isa = PBXFileReference; includeInIndex = 1; lastKnownFileType = text.xcconfig; name = "Pods-TwitterTrialUITests.release.xcconfig"; path = "Pods/Target Support Files/Pods-TwitterTrialUITests/Pods-TwitterTrialUITests.release.xcconfig"; sourceTree = "<group>"; };
		C967981521ADB5C400E9FE06 /* TwitterTrial.app */ = {isa = PBXFileReference; explicitFileType = wrapper.application; includeInIndex = 0; path = TwitterTrial.app; sourceTree = BUILT_PRODUCTS_DIR; };
		C967981821ADB5C400E9FE06 /* AppDelegate.swift */ = {isa = PBXFileReference; lastKnownFileType = sourcecode.swift; path = AppDelegate.swift; sourceTree = "<group>"; };
		C967981F21ADB5C500E9FE06 /* Assets.xcassets */ = {isa = PBXFileReference; lastKnownFileType = folder.assetcatalog; path = Assets.xcassets; sourceTree = "<group>"; };
		C967982221ADB5C500E9FE06 /* Base */ = {isa = PBXFileReference; lastKnownFileType = file.storyboard; name = Base; path = Base.lproj/LaunchScreen.storyboard; sourceTree = "<group>"; };
		C967982421ADB5C500E9FE06 /* Info.plist */ = {isa = PBXFileReference; lastKnownFileType = text.plist.xml; path = Info.plist; sourceTree = "<group>"; };
		C967982921ADB5C500E9FE06 /* TwitterTrialTests.xctest */ = {isa = PBXFileReference; explicitFileType = wrapper.cfbundle; includeInIndex = 0; path = TwitterTrialTests.xctest; sourceTree = BUILT_PRODUCTS_DIR; };
		C967982D21ADB5C500E9FE06 /* TwitterTrialTests.swift */ = {isa = PBXFileReference; lastKnownFileType = sourcecode.swift; path = TwitterTrialTests.swift; sourceTree = "<group>"; };
		C967982F21ADB5C500E9FE06 /* Info.plist */ = {isa = PBXFileReference; lastKnownFileType = text.plist.xml; path = Info.plist; sourceTree = "<group>"; };
		C967983421ADB5C500E9FE06 /* TwitterTrialUITests.xctest */ = {isa = PBXFileReference; explicitFileType = wrapper.cfbundle; includeInIndex = 0; path = TwitterTrialUITests.xctest; sourceTree = BUILT_PRODUCTS_DIR; };
		C967983821ADB5C500E9FE06 /* TwitterTrialUITests.swift */ = {isa = PBXFileReference; lastKnownFileType = sourcecode.swift; path = TwitterTrialUITests.swift; sourceTree = "<group>"; };
		C967983A21ADB5C500E9FE06 /* Info.plist */ = {isa = PBXFileReference; lastKnownFileType = text.plist.xml; path = Info.plist; sourceTree = "<group>"; };
		C967984621AFA22500E9FE06 /* HomeController.swift */ = {isa = PBXFileReference; lastKnownFileType = sourcecode.swift; path = HomeController.swift; sourceTree = "<group>"; };
		C967984821B1478100E9FE06 /* HomeDatasourceController.swift */ = {isa = PBXFileReference; lastKnownFileType = sourcecode.swift; path = HomeDatasourceController.swift; sourceTree = "<group>"; };
		C967984D21B14EE100E9FE06 /* Cells.swift */ = {isa = PBXFileReference; lastKnownFileType = sourcecode.swift; path = Cells.swift; sourceTree = "<group>"; };
		C967984F21B14F2B00E9FE06 /* HomeDataSource.swift */ = {isa = PBXFileReference; lastKnownFileType = sourcecode.swift; path = HomeDataSource.swift; sourceTree = "<group>"; };
		DA95014832292FAC703C769F /* Pods_TwitterTrialUITests.framework */ = {isa = PBXFileReference; explicitFileType = wrapper.framework; includeInIndex = 0; path = Pods_TwitterTrialUITests.framework; sourceTree = BUILT_PRODUCTS_DIR; };
		ECD73A78231DB72DD89CA9A8 /* Pods-TwitterTrialTests.debug.xcconfig */ = {isa = PBXFileReference; includeInIndex = 1; lastKnownFileType = text.xcconfig; name = "Pods-TwitterTrialTests.debug.xcconfig"; path = "Pods/Target Support Files/Pods-TwitterTrialTests/Pods-TwitterTrialTests.debug.xcconfig"; sourceTree = "<group>"; };
		FCA81A041F340559A2136ACF /* Pods-TwitterTrialTests.release.xcconfig */ = {isa = PBXFileReference; includeInIndex = 1; lastKnownFileType = text.xcconfig; name = "Pods-TwitterTrialTests.release.xcconfig"; path = "Pods/Target Support Files/Pods-TwitterTrialTests/Pods-TwitterTrialTests.release.xcconfig"; sourceTree = "<group>"; };
/* End PBXFileReference section */

/* Begin PBXFrameworksBuildPhase section */
		C967981221ADB5C400E9FE06 /* Frameworks */ = {
			isa = PBXFrameworksBuildPhase;
			buildActionMask = 2147483647;
			files = (
				AA8CAC722705397396C510A4 /* Pods_TwitterTrial.framework in Frameworks */,
			);
			runOnlyForDeploymentPostprocessing = 0;
		};
		C967982621ADB5C500E9FE06 /* Frameworks */ = {
			isa = PBXFrameworksBuildPhase;
			buildActionMask = 2147483647;
			files = (
				BAD41A1456AF141FD6CA918B /* Pods_TwitterTrialTests.framework in Frameworks */,
			);
			runOnlyForDeploymentPostprocessing = 0;
		};
		C967983121ADB5C500E9FE06 /* Frameworks */ = {
			isa = PBXFrameworksBuildPhase;
			buildActionMask = 2147483647;
			files = (
				77457B1B8710B4F04578927A /* Pods_TwitterTrialUITests.framework in Frameworks */,
			);
			runOnlyForDeploymentPostprocessing = 0;
		};
/* End PBXFrameworksBuildPhase section */

/* Begin PBXGroup section */
		1E602F51528B0E2AB9418429 /* Pods */ = {
			isa = PBXGroup;
			children = (
				B0E8E7A531DD73CD5AEAC28A /* Pods-TwitterTrial.debug.xcconfig */,
				5485F79D4B2E97BA2700FCE1 /* Pods-TwitterTrial.release.xcconfig */,
				ECD73A78231DB72DD89CA9A8 /* Pods-TwitterTrialTests.debug.xcconfig */,
				FCA81A041F340559A2136ACF /* Pods-TwitterTrialTests.release.xcconfig */,
				158C98C90FAC8612D115FDAA /* Pods-TwitterTrialUITests.debug.xcconfig */,
				B546F83BEBF547DDAA8D30CD /* Pods-TwitterTrialUITests.release.xcconfig */,
			);
			name = Pods;
			sourceTree = "<group>";
		};
		71A35F770F78A01EC03797ED /* Frameworks */ = {
			isa = PBXGroup;
			children = (
				32DBDE85BCA3625575970126 /* Pods_TwitterTrial.framework */,
				70BDCEB6CE9C84B9528AE0EF /* Pods_TwitterTrialTests.framework */,
				DA95014832292FAC703C769F /* Pods_TwitterTrialUITests.framework */,
			);
			name = Frameworks;
			sourceTree = "<group>";
		};
		C967980C21ADB5C400E9FE06 = {
			isa = PBXGroup;
			children = (
				C967981721ADB5C400E9FE06 /* TwitterTrial */,
				C967982C21ADB5C500E9FE06 /* TwitterTrialTests */,
				C967983721ADB5C500E9FE06 /* TwitterTrialUITests */,
				C967981621ADB5C400E9FE06 /* Products */,
				1E602F51528B0E2AB9418429 /* Pods */,
				71A35F770F78A01EC03797ED /* Frameworks */,
			);
			sourceTree = "<group>";
		};
		C967981621ADB5C400E9FE06 /* Products */ = {
			isa = PBXGroup;
			children = (
				C967981521ADB5C400E9FE06 /* TwitterTrial.app */,
				C967982921ADB5C500E9FE06 /* TwitterTrialTests.xctest */,
				C967983421ADB5C500E9FE06 /* TwitterTrialUITests.xctest */,
			);
			name = Products;
			sourceTree = "<group>";
		};
		C967981721ADB5C400E9FE06 /* TwitterTrial */ = {
			isa = PBXGroup;
			children = (
				C967984C21B14E8000E9FE06 /* View */,
				C967984A21B14E4E00E9FE06 /* Controller */,
				C967984B21B14E6300E9FE06 /* Model */,
				C967981821ADB5C400E9FE06 /* AppDelegate.swift */,
				C967984621AFA22500E9FE06 /* HomeController.swift */,
				C967981F21ADB5C500E9FE06 /* Assets.xcassets */,
				C967982121ADB5C500E9FE06 /* LaunchScreen.storyboard */,
				C967982421ADB5C500E9FE06 /* Info.plist */,
			);
			path = TwitterTrial;
			sourceTree = "<group>";
		};
		C967982C21ADB5C500E9FE06 /* TwitterTrialTests */ = {
			isa = PBXGroup;
			children = (
				C967982D21ADB5C500E9FE06 /* TwitterTrialTests.swift */,
				C967982F21ADB5C500E9FE06 /* Info.plist */,
			);
			path = TwitterTrialTests;
			sourceTree = "<group>";
		};
		C967983721ADB5C500E9FE06 /* TwitterTrialUITests */ = {
			isa = PBXGroup;
			children = (
				C967983821ADB5C500E9FE06 /* TwitterTrialUITests.swift */,
				C967983A21ADB5C500E9FE06 /* Info.plist */,
			);
			path = TwitterTrialUITests;
			sourceTree = "<group>";
		};
		C967984A21B14E4E00E9FE06 /* Controller */ = {
			isa = PBXGroup;
			children = (
				C967984821B1478100E9FE06 /* HomeDatasourceController.swift */,
			);
			path = Controller;
			sourceTree = "<group>";
		};
		C967984B21B14E6300E9FE06 /* Model */ = {
			isa = PBXGroup;
			children = (
				C967984F21B14F2B00E9FE06 /* HomeDataSource.swift */,
			);
			path = Model;
			sourceTree = "<group>";
		};
		C967984C21B14E8000E9FE06 /* View */ = {
			isa = PBXGroup;
			children = (
				C967984D21B14EE100E9FE06 /* Cells.swift */,
			);
			path = View;
			sourceTree = "<group>";
		};
/* End PBXGroup section */

/* Begin PBXNativeTarget section */
		C967981421ADB5C400E9FE06 /* TwitterTrial */ = {
			isa = PBXNativeTarget;
			buildConfigurationList = C967983D21ADB5C500E9FE06 /* Build configuration list for PBXNativeTarget "TwitterTrial" */;
			buildPhases = (
				4A7AACBA6834B51223EE1EF8 /* [CP] Check Pods Manifest.lock */,
				C967981121ADB5C400E9FE06 /* Sources */,
				C967981221ADB5C400E9FE06 /* Frameworks */,
				C967981321ADB5C400E9FE06 /* Resources */,
				EEDFBA1AB85B4A1B34DC438E /* [CP] Embed Pods Frameworks */,
			);
			buildRules = (
			);
			dependencies = (
			);
			name = TwitterTrial;
			productName = TwitterTrial;
			productReference = C967981521ADB5C400E9FE06 /* TwitterTrial.app */;
			productType = "com.apple.product-type.application";
		};
		C967982821ADB5C500E9FE06 /* TwitterTrialTests */ = {
			isa = PBXNativeTarget;
			buildConfigurationList = C967984021ADB5C500E9FE06 /* Build configuration list for PBXNativeTarget "TwitterTrialTests" */;
			buildPhases = (
				560EA0FC7900297F3A676B15 /* [CP] Check Pods Manifest.lock */,
				C967982521ADB5C500E9FE06 /* Sources */,
				C967982621ADB5C500E9FE06 /* Frameworks */,
				C967982721ADB5C500E9FE06 /* Resources */,
			);
			buildRules = (
			);
			dependencies = (
				C967982B21ADB5C500E9FE06 /* PBXTargetDependency */,
			);
			name = TwitterTrialTests;
			productName = TwitterTrialTests;
			productReference = C967982921ADB5C500E9FE06 /* TwitterTrialTests.xctest */;
			productType = "com.apple.product-type.bundle.unit-test";
		};
		C967983321ADB5C500E9FE06 /* TwitterTrialUITests */ = {
			isa = PBXNativeTarget;
			buildConfigurationList = C967984321ADB5C500E9FE06 /* Build configuration list for PBXNativeTarget "TwitterTrialUITests" */;
			buildPhases = (
				13DF42F11C91A9A9FDE0D617 /* [CP] Check Pods Manifest.lock */,
				C967983021ADB5C500E9FE06 /* Sources */,
				C967983121ADB5C500E9FE06 /* Frameworks */,
				C967983221ADB5C500E9FE06 /* Resources */,
			);
			buildRules = (
			);
			dependencies = (
				C967983621ADB5C500E9FE06 /* PBXTargetDependency */,
			);
			name = TwitterTrialUITests;
			productName = TwitterTrialUITests;
			productReference = C967983421ADB5C500E9FE06 /* TwitterTrialUITests.xctest */;
			productType = "com.apple.product-type.bundle.ui-testing";
		};
/* End PBXNativeTarget section */

/* Begin PBXProject section */
		C967980D21ADB5C400E9FE06 /* Project object */ = {
			isa = PBXProject;
			attributes = {
				LastSwiftUpdateCheck = 1010;
				LastUpgradeCheck = 1010;
				ORGANIZATIONNAME = "Bart Bronselaer";
				TargetAttributes = {
					C967981421ADB5C400E9FE06 = {
						CreatedOnToolsVersion = 10.1;
					};
					C967982821ADB5C500E9FE06 = {
						CreatedOnToolsVersion = 10.1;
						TestTargetID = C967981421ADB5C400E9FE06;
					};
					C967983321ADB5C500E9FE06 = {
						CreatedOnToolsVersion = 10.1;
						TestTargetID = C967981421ADB5C400E9FE06;
					};
				};
			};
			buildConfigurationList = C967981021ADB5C400E9FE06 /* Build configuration list for PBXProject "TwitterTrial" */;
			compatibilityVersion = "Xcode 9.3";
			developmentRegion = en;
			hasScannedForEncodings = 0;
			knownRegions = (
				en,
				Base,
			);
			mainGroup = C967980C21ADB5C400E9FE06;
			productRefGroup = C967981621ADB5C400E9FE06 /* Products */;
			projectDirPath = "";
			projectRoot = "";
			targets = (
				C967981421ADB5C400E9FE06 /* TwitterTrial */,
				C967982821ADB5C500E9FE06 /* TwitterTrialTests */,
				C967983321ADB5C500E9FE06 /* TwitterTrialUITests */,
			);
		};
/* End PBXProject section */

/* Begin PBXResourcesBuildPhase section */
		C967981321ADB5C400E9FE06 /* Resources */ = {
			isa = PBXResourcesBuildPhase;
			buildActionMask = 2147483647;
			files = (
				C967982321ADB5C500E9FE06 /* LaunchScreen.storyboard in Resources */,
				C967982021ADB5C500E9FE06 /* Assets.xcassets in Resources */,
			);
			runOnlyForDeploymentPostprocessing = 0;
		};
		C967982721ADB5C500E9FE06 /* Resources */ = {
			isa = PBXResourcesBuildPhase;
			buildActionMask = 2147483647;
			files = (
			);
			runOnlyForDeploymentPostprocessing = 0;
		};
		C967983221ADB5C500E9FE06 /* Resources */ = {
			isa = PBXResourcesBuildPhase;
			buildActionMask = 2147483647;
			files = (
			);
			runOnlyForDeploymentPostprocessing = 0;
		};
/* End PBXResourcesBuildPhase section */

/* Begin PBXShellScriptBuildPhase section */
		13DF42F11C91A9A9FDE0D617 /* [CP] Check Pods Manifest.lock */ = {
			isa = PBXShellScriptBuildPhase;
			buildActionMask = 2147483647;
			files = (
			);
			inputFileListPaths = (
			);
			inputPaths = (
				"${PODS_PODFILE_DIR_PATH}/Podfile.lock",
				"${PODS_ROOT}/Manifest.lock",
			);
			name = "[CP] Check Pods Manifest.lock";
			outputFileListPaths = (
			);
			outputPaths = (
				"$(DERIVED_FILE_DIR)/Pods-TwitterTrialUITests-checkManifestLockResult.txt",
			);
			runOnlyForDeploymentPostprocessing = 0;
			shellPath = /bin/sh;
			shellScript = "diff \"${PODS_PODFILE_DIR_PATH}/Podfile.lock\" \"${PODS_ROOT}/Manifest.lock\" > /dev/null\nif [ $? != 0 ] ; then\n    # print error to STDERR\n    echo \"error: The sandbox is not in sync with the Podfile.lock. Run 'pod install' or update your CocoaPods installation.\" >&2\n    exit 1\nfi\n# This output is used by Xcode 'outputs' to avoid re-running this script phase.\necho \"SUCCESS\" > \"${SCRIPT_OUTPUT_FILE_0}\"\n";
			showEnvVarsInLog = 0;
		};
		4A7AACBA6834B51223EE1EF8 /* [CP] Check Pods Manifest.lock */ = {
			isa = PBXShellScriptBuildPhase;
			buildActionMask = 2147483647;
			files = (
			);
			inputFileListPaths = (
			);
			inputPaths = (
				"${PODS_PODFILE_DIR_PATH}/Podfile.lock",
				"${PODS_ROOT}/Manifest.lock",
			);
			name = "[CP] Check Pods Manifest.lock";
			outputFileListPaths = (
			);
			outputPaths = (
				"$(DERIVED_FILE_DIR)/Pods-TwitterTrial-checkManifestLockResult.txt",
			);
			runOnlyForDeploymentPostprocessing = 0;
			shellPath = /bin/sh;
			shellScript = "diff \"${PODS_PODFILE_DIR_PATH}/Podfile.lock\" \"${PODS_ROOT}/Manifest.lock\" > /dev/null\nif [ $? != 0 ] ; then\n    # print error to STDERR\n    echo \"error: The sandbox is not in sync with the Podfile.lock. Run 'pod install' or update your CocoaPods installation.\" >&2\n    exit 1\nfi\n# This output is used by Xcode 'outputs' to avoid re-running this script phase.\necho \"SUCCESS\" > \"${SCRIPT_OUTPUT_FILE_0}\"\n";
			showEnvVarsInLog = 0;
		};
		560EA0FC7900297F3A676B15 /* [CP] Check Pods Manifest.lock */ = {
			isa = PBXShellScriptBuildPhase;
			buildActionMask = 2147483647;
			files = (
			);
			inputFileListPaths = (
			);
			inputPaths = (
				"${PODS_PODFILE_DIR_PATH}/Podfile.lock",
				"${PODS_ROOT}/Manifest.lock",
			);
			name = "[CP] Check Pods Manifest.lock";
			outputFileListPaths = (
			);
			outputPaths = (
				"$(DERIVED_FILE_DIR)/Pods-TwitterTrialTests-checkManifestLockResult.txt",
			);
			runOnlyForDeploymentPostprocessing = 0;
			shellPath = /bin/sh;
			shellScript = "diff \"${PODS_PODFILE_DIR_PATH}/Podfile.lock\" \"${PODS_ROOT}/Manifest.lock\" > /dev/null\nif [ $? != 0 ] ; then\n    # print error to STDERR\n    echo \"error: The sandbox is not in sync with the Podfile.lock. Run 'pod install' or update your CocoaPods installation.\" >&2\n    exit 1\nfi\n# This output is used by Xcode 'outputs' to avoid re-running this script phase.\necho \"SUCCESS\" > \"${SCRIPT_OUTPUT_FILE_0}\"\n";
			showEnvVarsInLog = 0;
		};
		EEDFBA1AB85B4A1B34DC438E /* [CP] Embed Pods Frameworks */ = {
			isa = PBXShellScriptBuildPhase;
			buildActionMask = 2147483647;
			files = (
			);
			inputFileListPaths = (
			);
			inputPaths = (
				"${SRCROOT}/Pods/Target Support Files/Pods-TwitterTrial/Pods-TwitterTrial-frameworks.sh",
				"${BUILT_PRODUCTS_DIR}/LBTAComponents/LBTAComponents.framework",
			);
			name = "[CP] Embed Pods Frameworks";
			outputFileListPaths = (
			);
			outputPaths = (
				"${TARGET_BUILD_DIR}/${FRAMEWORKS_FOLDER_PATH}/LBTAComponents.framework",
			);
			runOnlyForDeploymentPostprocessing = 0;
			shellPath = /bin/sh;
			shellScript = "\"${SRCROOT}/Pods/Target Support Files/Pods-TwitterTrial/Pods-TwitterTrial-frameworks.sh\"\n";
			showEnvVarsInLog = 0;
		};
/* End PBXShellScriptBuildPhase section */

/* Begin PBXSourcesBuildPhase section */
		C967981121ADB5C400E9FE06 /* Sources */ = {
			isa = PBXSourcesBuildPhase;
			buildActionMask = 2147483647;
			files = (
				C967985021B14F2B00E9FE06 /* HomeDataSource.swift in Sources */,
				C967981921ADB5C400E9FE06 /* AppDelegate.swift in Sources */,
				C967984E21B14EE100E9FE06 /* Cells.swift in Sources */,
				C967984921B1478100E9FE06 /* HomeDatasourceController.swift in Sources */,
				C967984721AFA22500E9FE06 /* HomeController.swift in Sources */,
			);
			runOnlyForDeploymentPostprocessing = 0;
		};
		C967982521ADB5C500E9FE06 /* Sources */ = {
			isa = PBXSourcesBuildPhase;
			buildActionMask = 2147483647;
			files = (
				C967982E21ADB5C500E9FE06 /* TwitterTrialTests.swift in Sources */,
			);
			runOnlyForDeploymentPostprocessing = 0;
		};
		C967983021ADB5C500E9FE06 /* Sources */ = {
			isa = PBXSourcesBuildPhase;
			buildActionMask = 2147483647;
			files = (
				C967983921ADB5C500E9FE06 /* TwitterTrialUITests.swift in Sources */,
			);
			runOnlyForDeploymentPostprocessing = 0;
		};
/* End PBXSourcesBuildPhase section */

/* Begin PBXTargetDependency section */
		C967982B21ADB5C500E9FE06 /* PBXTargetDependency */ = {
			isa = PBXTargetDependency;
			target = C967981421ADB5C400E9FE06 /* TwitterTrial */;
			targetProxy = C967982A21ADB5C500E9FE06 /* PBXContainerItemProxy */;
		};
		C967983621ADB5C500E9FE06 /* PBXTargetDependency */ = {
			isa = PBXTargetDependency;
			target = C967981421ADB5C400E9FE06 /* TwitterTrial */;
			targetProxy = C967983521ADB5C500E9FE06 /* PBXContainerItemProxy */;
		};
/* End PBXTargetDependency section */

/* Begin PBXVariantGroup section */
		C967982121ADB5C500E9FE06 /* LaunchScreen.storyboard */ = {
			isa = PBXVariantGroup;
			children = (
				C967982221ADB5C500E9FE06 /* Base */,
			);
			name = LaunchScreen.storyboard;
			sourceTree = "<group>";
		};
/* End PBXVariantGroup section */

/* Begin XCBuildConfiguration section */
		C967983B21ADB5C500E9FE06 /* Debug */ = {
			isa = XCBuildConfiguration;
			buildSettings = {
				ALWAYS_SEARCH_USER_PATHS = NO;
				CLANG_ANALYZER_NONNULL = YES;
				CLANG_ANALYZER_NUMBER_OBJECT_CONVERSION = YES_AGGRESSIVE;
				CLANG_CXX_LANGUAGE_STANDARD = "gnu++14";
				CLANG_CXX_LIBRARY = "libc++";
				CLANG_ENABLE_MODULES = YES;
				CLANG_ENABLE_OBJC_ARC = YES;
				CLANG_ENABLE_OBJC_WEAK = YES;
				CLANG_WARN_BLOCK_CAPTURE_AUTORELEASING = YES;
				CLANG_WARN_BOOL_CONVERSION = YES;
				CLANG_WARN_COMMA = YES;
				CLANG_WARN_CONSTANT_CONVERSION = YES;
				CLANG_WARN_DEPRECATED_OBJC_IMPLEMENTATIONS = YES;
				CLANG_WARN_DIRECT_OBJC_ISA_USAGE = YES_ERROR;
				CLANG_WARN_DOCUMENTATION_COMMENTS = YES;
				CLANG_WARN_EMPTY_BODY = YES;
				CLANG_WARN_ENUM_CONVERSION = YES;
				CLANG_WARN_INFINITE_RECURSION = YES;
				CLANG_WARN_INT_CONVERSION = YES;
				CLANG_WARN_NON_LITERAL_NULL_CONVERSION = YES;
				CLANG_WARN_OBJC_IMPLICIT_RETAIN_SELF = YES;
				CLANG_WARN_OBJC_LITERAL_CONVERSION = YES;
				CLANG_WARN_OBJC_ROOT_CLASS = YES_ERROR;
				CLANG_WARN_RANGE_LOOP_ANALYSIS = YES;
				CLANG_WARN_STRICT_PROTOTYPES = YES;
				CLANG_WARN_SUSPICIOUS_MOVE = YES;
				CLANG_WARN_UNGUARDED_AVAILABILITY = YES_AGGRESSIVE;
				CLANG_WARN_UNREACHABLE_CODE = YES;
				CLANG_WARN__DUPLICATE_METHOD_MATCH = YES;
				CODE_SIGN_IDENTITY = "iPhone Developer";
				COPY_PHASE_STRIP = NO;
				DEBUG_INFORMATION_FORMAT = dwarf;
				ENABLE_STRICT_OBJC_MSGSEND = YES;
				ENABLE_TESTABILITY = YES;
				GCC_C_LANGUAGE_STANDARD = gnu11;
				GCC_DYNAMIC_NO_PIC = NO;
				GCC_NO_COMMON_BLOCKS = YES;
				GCC_OPTIMIZATION_LEVEL = 0;
				GCC_PREPROCESSOR_DEFINITIONS = (
					"DEBUG=1",
					"$(inherited)",
				);
				GCC_WARN_64_TO_32_BIT_CONVERSION = YES;
				GCC_WARN_ABOUT_RETURN_TYPE = YES_ERROR;
				GCC_WARN_UNDECLARED_SELECTOR = YES;
				GCC_WARN_UNINITIALIZED_AUTOS = YES_AGGRESSIVE;
				GCC_WARN_UNUSED_FUNCTION = YES;
				GCC_WARN_UNUSED_VARIABLE = YES;
				IPHONEOS_DEPLOYMENT_TARGET = 12.1;
				MTL_ENABLE_DEBUG_INFO = INCLUDE_SOURCE;
				MTL_FAST_MATH = YES;
				ONLY_ACTIVE_ARCH = YES;
				SDKROOT = iphoneos;
				SWIFT_ACTIVE_COMPILATION_CONDITIONS = DEBUG;
				SWIFT_OPTIMIZATION_LEVEL = "-Onone";
			};
			name = Debug;
		};
		C967983C21ADB5C500E9FE06 /* Release */ = {
			isa = XCBuildConfiguration;
			buildSettings = {
				ALWAYS_SEARCH_USER_PATHS = NO;
				CLANG_ANALYZER_NONNULL = YES;
				CLANG_ANALYZER_NUMBER_OBJECT_CONVERSION = YES_AGGRESSIVE;
				CLANG_CXX_LANGUAGE_STANDARD = "gnu++14";
				CLANG_CXX_LIBRARY = "libc++";
				CLANG_ENABLE_MODULES = YES;
				CLANG_ENABLE_OBJC_ARC = YES;
				CLANG_ENABLE_OBJC_WEAK = YES;
				CLANG_WARN_BLOCK_CAPTURE_AUTORELEASING = YES;
				CLANG_WARN_BOOL_CONVERSION = YES;
				CLANG_WARN_COMMA = YES;
				CLANG_WARN_CONSTANT_CONVERSION = YES;
				CLANG_WARN_DEPRECATED_OBJC_IMPLEMENTATIONS = YES;
				CLANG_WARN_DIRECT_OBJC_ISA_USAGE = YES_ERROR;
				CLANG_WARN_DOCUMENTATION_COMMENTS = YES;
				CLANG_WARN_EMPTY_BODY = YES;
				CLANG_WARN_ENUM_CONVERSION = YES;
				CLANG_WARN_INFINITE_RECURSION = YES;
				CLANG_WARN_INT_CONVERSION = YES;
				CLANG_WARN_NON_LITERAL_NULL_CONVERSION = YES;
				CLANG_WARN_OBJC_IMPLICIT_RETAIN_SELF = YES;
				CLANG_WARN_OBJC_LITERAL_CONVERSION = YES;
				CLANG_WARN_OBJC_ROOT_CLASS = YES_ERROR;
				CLANG_WARN_RANGE_LOOP_ANALYSIS = YES;
				CLANG_WARN_STRICT_PROTOTYPES = YES;
				CLANG_WARN_SUSPICIOUS_MOVE = YES;
				CLANG_WARN_UNGUARDED_AVAILABILITY = YES_AGGRESSIVE;
				CLANG_WARN_UNREACHABLE_CODE = YES;
				CLANG_WARN__DUPLICATE_METHOD_MATCH = YES;
				CODE_SIGN_IDENTITY = "iPhone Developer";
				COPY_PHASE_STRIP = NO;
				DEBUG_INFORMATION_FORMAT = "dwarf-with-dsym";
				ENABLE_NS_ASSERTIONS = NO;
				ENABLE_STRICT_OBJC_MSGSEND = YES;
				GCC_C_LANGUAGE_STANDARD = gnu11;
				GCC_NO_COMMON_BLOCKS = YES;
				GCC_WARN_64_TO_32_BIT_CONVERSION = YES;
				GCC_WARN_ABOUT_RETURN_TYPE = YES_ERROR;
				GCC_WARN_UNDECLARED_SELECTOR = YES;
				GCC_WARN_UNINITIALIZED_AUTOS = YES_AGGRESSIVE;
				GCC_WARN_UNUSED_FUNCTION = YES;
				GCC_WARN_UNUSED_VARIABLE = YES;
				IPHONEOS_DEPLOYMENT_TARGET = 12.1;
				MTL_ENABLE_DEBUG_INFO = NO;
				MTL_FAST_MATH = YES;
				SDKROOT = iphoneos;
				SWIFT_COMPILATION_MODE = wholemodule;
				SWIFT_OPTIMIZATION_LEVEL = "-O";
				VALIDATE_PRODUCT = YES;
			};
			name = Release;
		};
		C967983E21ADB5C500E9FE06 /* Debug */ = {
			isa = XCBuildConfiguration;
			baseConfigurationReference = B0E8E7A531DD73CD5AEAC28A /* Pods-TwitterTrial.debug.xcconfig */;
			buildSettings = {
				ASSETCATALOG_COMPILER_APPICON_NAME = AppIcon;
				CODE_SIGN_STYLE = Automatic;
				DEVELOPMENT_TEAM = C26YUS4LJ8;
				INFOPLIST_FILE = TwitterTrial/Info.plist;
				LD_RUNPATH_SEARCH_PATHS = (
					"$(inherited)",
					"@executable_path/Frameworks",
				);
				PRODUCT_BUNDLE_IDENTIFIER = Brier.TwitterTrial;
				PRODUCT_NAME = "$(TARGET_NAME)";
				SWIFT_VERSION = 4.2;
				TARGETED_DEVICE_FAMILY = "1,2";
			};
			name = Debug;
		};
		C967983F21ADB5C500E9FE06 /* Release */ = {
			isa = XCBuildConfiguration;
			baseConfigurationReference = 5485F79D4B2E97BA2700FCE1 /* Pods-TwitterTrial.release.xcconfig */;
			buildSettings = {
				ASSETCATALOG_COMPILER_APPICON_NAME = AppIcon;
				CODE_SIGN_STYLE = Automatic;
				DEVELOPMENT_TEAM = C26YUS4LJ8;
				INFOPLIST_FILE = TwitterTrial/Info.plist;
				LD_RUNPATH_SEARCH_PATHS = (
					"$(inherited)",
					"@executable_path/Frameworks",
				);
				PRODUCT_BUNDLE_IDENTIFIER = Brier.TwitterTrial;
				PRODUCT_NAME = "$(TARGET_NAME)";
				SWIFT_VERSION = 4.2;
				TARGETED_DEVICE_FAMILY = "1,2";
			};
			name = Release;
		};
		C967984121ADB5C500E9FE06 /* Debug */ = {
			isa = XCBuildConfiguration;
			baseConfigurationReference = ECD73A78231DB72DD89CA9A8 /* Pods-TwitterTrialTests.debug.xcconfig */;
			buildSettings = {
				ALWAYS_EMBED_SWIFT_STANDARD_LIBRARIES = YES;
				BUNDLE_LOADER = "$(TEST_HOST)";
				CODE_SIGN_STYLE = Automatic;
				DEVELOPMENT_TEAM = C26YUS4LJ8;
				INFOPLIST_FILE = TwitterTrialTests/Info.plist;
				LD_RUNPATH_SEARCH_PATHS = (
					"$(inherited)",
					"@executable_path/Frameworks",
					"@loader_path/Frameworks",
				);
				PRODUCT_BUNDLE_IDENTIFIER = Brier.TwitterTrialTests;
				PRODUCT_NAME = "$(TARGET_NAME)";
				SWIFT_VERSION = 4.2;
				TARGETED_DEVICE_FAMILY = "1,2";
				TEST_HOST = "$(BUILT_PRODUCTS_DIR)/TwitterTrial.app/TwitterTrial";
			};
			name = Debug;
		};
		C967984221ADB5C500E9FE06 /* Release */ = {
			isa = XCBuildConfiguration;
			baseConfigurationReference = FCA81A041F340559A2136ACF /* Pods-TwitterTrialTests.release.xcconfig */;
			buildSettings = {
				ALWAYS_EMBED_SWIFT_STANDARD_LIBRARIES = YES;
				BUNDLE_LOADER = "$(TEST_HOST)";
				CODE_SIGN_STYLE = Automatic;
				DEVELOPMENT_TEAM = C26YUS4LJ8;
				INFOPLIST_FILE = TwitterTrialTests/Info.plist;
				LD_RUNPATH_SEARCH_PATHS = (
					"$(inherited)",
					"@executable_path/Frameworks",
					"@loader_path/Frameworks",
				);
				PRODUCT_BUNDLE_IDENTIFIER = Brier.TwitterTrialTests;
				PRODUCT_NAME = "$(TARGET_NAME)";
				SWIFT_VERSION = 4.2;
				TARGETED_DEVICE_FAMILY = "1,2";
				TEST_HOST = "$(BUILT_PRODUCTS_DIR)/TwitterTrial.app/TwitterTrial";
			};
			name = Release;
		};
		C967984421ADB5C500E9FE06 /* Debug */ = {
			isa = XCBuildConfiguration;
			baseConfigurationReference = 158C98C90FAC8612D115FDAA /* Pods-TwitterTrialUITests.debug.xcconfig */;
			buildSettings = {
				ALWAYS_EMBED_SWIFT_STANDARD_LIBRARIES = YES;
				CODE_SIGN_STYLE = Automatic;
				DEVELOPMENT_TEAM = C26YUS4LJ8;
				INFOPLIST_FILE = TwitterTrialUITests/Info.plist;
				LD_RUNPATH_SEARCH_PATHS = (
					"$(inherited)",
					"@executable_path/Frameworks",
					"@loader_path/Frameworks",
				);
				PRODUCT_BUNDLE_IDENTIFIER = Brier.TwitterTrialUITests;
				PRODUCT_NAME = "$(TARGET_NAME)";
				SWIFT_VERSION = 4.2;
				TARGETED_DEVICE_FAMILY = "1,2";
				TEST_TARGET_NAME = TwitterTrial;
			};
			name = Debug;
		};
		C967984521ADB5C500E9FE06 /* Release */ = {
			isa = XCBuildConfiguration;
			baseConfigurationReference = B546F83BEBF547DDAA8D30CD /* Pods-TwitterTrialUITests.release.xcconfig */;
			buildSettings = {
				ALWAYS_EMBED_SWIFT_STANDARD_LIBRARIES = YES;
				CODE_SIGN_STYLE = Automatic;
				DEVELOPMENT_TEAM = C26YUS4LJ8;
				INFOPLIST_FILE = TwitterTrialUITests/Info.plist;
				LD_RUNPATH_SEARCH_PATHS = (
					"$(inherited)",
					"@executable_path/Frameworks",
					"@loader_path/Frameworks",
				);
				PRODUCT_BUNDLE_IDENTIFIER = Brier.TwitterTrialUITests;
				PRODUCT_NAME = "$(TARGET_NAME)";
				SWIFT_VERSION = 4.2;
				TARGETED_DEVICE_FAMILY = "1,2";
				TEST_TARGET_NAME = TwitterTrial;
			};
			name = Release;
		};
/* End XCBuildConfiguration section */

/* Begin XCConfigurationList section */
		C967981021ADB5C400E9FE06 /* Build configuration list for PBXProject "TwitterTrial" */ = {
			isa = XCConfigurationList;
			buildConfigurations = (
				C967983B21ADB5C500E9FE06 /* Debug */,
				C967983C21ADB5C500E9FE06 /* Release */,
			);
			defaultConfigurationIsVisible = 0;
			defaultConfigurationName = Release;
		};
		C967983D21ADB5C500E9FE06 /* Build configuration list for PBXNativeTarget "TwitterTrial" */ = {
			isa = XCConfigurationList;
			buildConfigurations = (
				C967983E21ADB5C500E9FE06 /* Debug */,
				C967983F21ADB5C500E9FE06 /* Release */,
			);
			defaultConfigurationIsVisible = 0;
			defaultConfigurationName = Release;
		};
		C967984021ADB5C500E9FE06 /* Build configuration list for PBXNativeTarget "TwitterTrialTests" */ = {
			isa = XCConfigurationList;
			buildConfigurations = (
				C967984121ADB5C500E9FE06 /* Debug */,
				C967984221ADB5C500E9FE06 /* Release */,
			);
			defaultConfigurationIsVisible = 0;
			defaultConfigurationName = Release;
		};
		C967984321ADB5C500E9FE06 /* Build configuration list for PBXNativeTarget "TwitterTrialUITests" */ = {
			isa = XCConfigurationList;
			buildConfigurations = (
				C967984421ADB5C500E9FE06 /* Debug */,
				C967984521ADB5C500E9FE06 /* Release */,
			);
			defaultConfigurationIsVisible = 0;
			defaultConfigurationName = Release;
		};
/* End XCConfigurationList section */
	};
	rootObject = C967980D21ADB5C400E9FE06 /* Project object */;
}
